
Microsoft Visual Studio Solution File, Format Version 12.00
# Visual Studio Version 17
VisualStudioVersion = 17.0.31903.59
MinimumVisualStudioVersion = 10.0.40219.1
Project("{2150E333-8FDC-42A3-9474-1A3956D46DE8}") = "API", "API", "{B4B982E3-15F2-46D8-AB24-CB7216FDA7F5}"
EndProject
Project("{2150E333-8FDC-42A3-9474-1A3956D46DE8}") = "BFF-WEB", "BFF-WEB", "{4537FA29-D55E-4C8A-A94D-AB52F4A39477}"
EndProject
Project("{2150E333-8FDC-42A3-9474-1A3956D46DE8}") = "WEB", "WEB", "{A46F66CE-7457-41FE-A193-BCE105BAE1CC}"
EndProject
Project("{2150E333-8FDC-42A3-9474-1A3956D46DE8}") = "SHARED", "SHARED", "{F4451C0A-D53A-492D-A352-2ECB213D6320}"
EndProject
Project("{9A19103F-16F7-4668-BE54-9A1E7A4F7556}") = "mark.davison.edinburgh.api", "api\mark.davison.edinburgh.api\mark.davison.edinburgh.api.csproj", "{A7041412-75E7-4331-979C-60C2DDE150CA}"
EndProject
Project("{2150E333-8FDC-42A3-9474-1A3956D46DE8}") = "COMMON-CANDIDATES", "COMMON-CANDIDATES", "{08493DB5-DF94-4A72-95F4-F654F4A3B12F}"
EndProject
Project("{9A19103F-16F7-4668-BE54-9A1E7A4F7556}") = "mark.davison.edinburgh.common.candidates.shared", "common-candidates\mark.davison.edinburgh.common.candidates.shared\mark.davison.edinburgh.common.candidates.shared.csproj", "{AEE2A03C-FB58-401A-B0C9-EAA4931D4BCD}"
EndProject
Project("{9A19103F-16F7-4668-BE54-9A1E7A4F7556}") = "mark.davison.edinburgh.common.candidates.server", "common-candidates\mark.davison.edinburgh.common.candidates.server\mark.davison.edinburgh.common.candidates.server.csproj", "{2EBEA6BA-3685-4722-BF3E-06BC4C4320BF}"
EndProject
Project("{9A19103F-16F7-4668-BE54-9A1E7A4F7556}") = "mark.davison.edinburgh.common.candidates.web", "common-candidates\mark.davison.edinburgh.common.candidates.web\mark.davison.edinburgh.common.candidates.web.csproj", "{52627FC7-D9C1-40AA-B656-E81C0C187C3E}"
EndProject
Project("{9A19103F-16F7-4668-BE54-9A1E7A4F7556}") = "mark.davison.edinburgh.shared.models", "shared\mark.davison.edinburgh.shared.models\mark.davison.edinburgh.shared.models.csproj", "{C18D3C19-3FCE-4C17-BF16-88E7551ED727}"
EndProject
Project("{9A19103F-16F7-4668-BE54-9A1E7A4F7556}") = "mark.davison.edinburgh.shared.commands", "shared\mark.davison.edinburgh.shared.commands\mark.davison.edinburgh.shared.commands.csproj", "{8C912D91-1D04-4560-A8F7-F01041098B5C}"
EndProject
Project("{9A19103F-16F7-4668-BE54-9A1E7A4F7556}") = "mark.davison.edinburgh.bff.web", "bff-web\mark.davison.edinburgh.bff.web\mark.davison.edinburgh.bff.web.csproj", "{6774D36E-D4CA-49CA-B600-9459EC212CD6}"
EndProject
Project("{9A19103F-16F7-4668-BE54-9A1E7A4F7556}") = "mark.davison.edinburgh.shared.models.dto", "shared\mark.davison.edinburgh.shared.models.dto\mark.davison.edinburgh.shared.models.dto.csproj", "{F4DA6851-BD1A-4D73-8793-DB0C5BFFEFD9}"
EndProject
Project("{9A19103F-16F7-4668-BE54-9A1E7A4F7556}") = "mark.davison.edinburgh.shared.queries", "shared\mark.davison.edinburgh.shared.queries\mark.davison.edinburgh.shared.queries.csproj", "{D0DC6D0D-9E55-4DEE-8B23-92ECD1BED9FB}"
EndProject
Project("{9A19103F-16F7-4668-BE54-9A1E7A4F7556}") = "mark.davison.edinburgh.api.persistence", "api\mark.davison.edinburgh.api.persistence\mark.davison.edinburgh.api.persistence.csproj", "{2B432FE8-6764-4D40-8BAF-227EF232A48F}"
EndProject
Project("{2150E333-8FDC-42A3-9474-1A3956D46DE8}") = "MIGRATIONS", "MIGRATIONS", "{3EC24E61-D0CE-4CA9-B327-E4CB0425D620}"
EndProject
Project("{2150E333-8FDC-42A3-9474-1A3956D46DE8}") = "TEST", "TEST", "{BE616A39-8052-40EC-840E-48F08674B174}"
EndProject
Project("{2150E333-8FDC-42A3-9474-1A3956D46DE8}") = "TEST", "TEST", "{0F00073C-7097-4A3F-A6B2-8335AC6E32FF}"
EndProject
Project("{2150E333-8FDC-42A3-9474-1A3956D46DE8}") = "TEST", "TEST", "{70C82CFC-2C68-42C6-BE91-A2310FD8AE35}"
EndProject
Project("{9A19103F-16F7-4668-BE54-9A1E7A4F7556}") = "mark.davison.edinburgh.api.models.configuration", "api\mark.davison.edinburgh.api.models.configuration\mark.davison.edinburgh.api.models.configuration.csproj", "{3B5E8FF3-F54C-4279-BFD7-76FCEB9985F8}"
EndProject
Project("{9A19103F-16F7-4668-BE54-9A1E7A4F7556}") = "mark.davison.edinburgh.api.migrations.sqlite", "api\migrations\mark.davison.edinburgh.api.migrations.sqlite\mark.davison.edinburgh.api.migrations.sqlite.csproj", "{BE0F8A67-A76B-4858-93B7-ED40BC0F4C0C}"
EndProject
Project("{9A19103F-16F7-4668-BE54-9A1E7A4F7556}") = "mark.davison.edinburgh.api.migrations.postgres", "api\migrations\mark.davison.edinburgh.api.migrations.postgres\mark.davison.edinburgh.api.migrations.postgres.csproj", "{7097DE1E-0BDE-4F7E-BA5C-CCA4EF4049DB}"
EndProject
Project("{9A19103F-16F7-4668-BE54-9A1E7A4F7556}") = "mark.davison.edinburgh.web.ui", "web\mark.davison.edinburgh.web.ui\mark.davison.edinburgh.web.ui.csproj", "{1BA96668-5FDF-467D-B6B0-9B8917AA169F}"
EndProject
Project("{9A19103F-16F7-4668-BE54-9A1E7A4F7556}") = "mark.davison.edinburgh.web.components", "web\mark.davison.edinburgh.web.components\mark.davison.edinburgh.web.components.csproj", "{7D0DE2B1-8627-45F5-9463-22DCFA3C6F36}"
EndProject
Project("{9A19103F-16F7-4668-BE54-9A1E7A4F7556}") = "mark.davison.edinburgh.web.features", "web\mark.davison.edinburgh.web.features\mark.davison.edinburgh.web.features.csproj", "{DDB35158-AC58-4759-A83F-6FC22431BF8C}"
EndProject
Global
	GlobalSection(SolutionConfigurationPlatforms) = preSolution
		Debug|Any CPU = Debug|Any CPU
		Release|Any CPU = Release|Any CPU
	EndGlobalSection
	GlobalSection(ProjectConfigurationPlatforms) = postSolution
		{A7041412-75E7-4331-979C-60C2DDE150CA}.Debug|Any CPU.ActiveCfg = Debug|Any CPU
		{A7041412-75E7-4331-979C-60C2DDE150CA}.Debug|Any CPU.Build.0 = Debug|Any CPU
		{A7041412-75E7-4331-979C-60C2DDE150CA}.Release|Any CPU.ActiveCfg = Release|Any CPU
		{A7041412-75E7-4331-979C-60C2DDE150CA}.Release|Any CPU.Build.0 = Release|Any CPU
		{AEE2A03C-FB58-401A-B0C9-EAA4931D4BCD}.Debug|Any CPU.ActiveCfg = Debug|Any CPU
		{AEE2A03C-FB58-401A-B0C9-EAA4931D4BCD}.Debug|Any CPU.Build.0 = Debug|Any CPU
		{AEE2A03C-FB58-401A-B0C9-EAA4931D4BCD}.Release|Any CPU.ActiveCfg = Release|Any CPU
		{AEE2A03C-FB58-401A-B0C9-EAA4931D4BCD}.Release|Any CPU.Build.0 = Release|Any CPU
		{2EBEA6BA-3685-4722-BF3E-06BC4C4320BF}.Debug|Any CPU.ActiveCfg = Debug|Any CPU
		{2EBEA6BA-3685-4722-BF3E-06BC4C4320BF}.Debug|Any CPU.Build.0 = Debug|Any CPU
		{2EBEA6BA-3685-4722-BF3E-06BC4C4320BF}.Release|Any CPU.ActiveCfg = Release|Any CPU
		{2EBEA6BA-3685-4722-BF3E-06BC4C4320BF}.Release|Any CPU.Build.0 = Release|Any CPU
		{52627FC7-D9C1-40AA-B656-E81C0C187C3E}.Debug|Any CPU.ActiveCfg = Debug|Any CPU
		{52627FC7-D9C1-40AA-B656-E81C0C187C3E}.Debug|Any CPU.Build.0 = Debug|Any CPU
		{52627FC7-D9C1-40AA-B656-E81C0C187C3E}.Release|Any CPU.ActiveCfg = Release|Any CPU
		{52627FC7-D9C1-40AA-B656-E81C0C187C3E}.Release|Any CPU.Build.0 = Release|Any CPU
		{C18D3C19-3FCE-4C17-BF16-88E7551ED727}.Debug|Any CPU.ActiveCfg = Debug|Any CPU
		{C18D3C19-3FCE-4C17-BF16-88E7551ED727}.Debug|Any CPU.Build.0 = Debug|Any CPU
		{C18D3C19-3FCE-4C17-BF16-88E7551ED727}.Release|Any CPU.ActiveCfg = Release|Any CPU
		{C18D3C19-3FCE-4C17-BF16-88E7551ED727}.Release|Any CPU.Build.0 = Release|Any CPU
		{8C912D91-1D04-4560-A8F7-F01041098B5C}.Debug|Any CPU.ActiveCfg = Debug|Any CPU
		{8C912D91-1D04-4560-A8F7-F01041098B5C}.Debug|Any CPU.Build.0 = Debug|Any CPU
		{8C912D91-1D04-4560-A8F7-F01041098B5C}.Release|Any CPU.ActiveCfg = Release|Any CPU
		{8C912D91-1D04-4560-A8F7-F01041098B5C}.Release|Any CPU.Build.0 = Release|Any CPU
		{6774D36E-D4CA-49CA-B600-9459EC212CD6}.Debug|Any CPU.ActiveCfg = Debug|Any CPU
		{6774D36E-D4CA-49CA-B600-9459EC212CD6}.Debug|Any CPU.Build.0 = Debug|Any CPU
		{6774D36E-D4CA-49CA-B600-9459EC212CD6}.Release|Any CPU.ActiveCfg = Release|Any CPU
		{6774D36E-D4CA-49CA-B600-9459EC212CD6}.Release|Any CPU.Build.0 = Release|Any CPU
		{F4DA6851-BD1A-4D73-8793-DB0C5BFFEFD9}.Debug|Any CPU.ActiveCfg = Debug|Any CPU
		{F4DA6851-BD1A-4D73-8793-DB0C5BFFEFD9}.Debug|Any CPU.Build.0 = Debug|Any CPU
		{F4DA6851-BD1A-4D73-8793-DB0C5BFFEFD9}.Release|Any CPU.ActiveCfg = Release|Any CPU
		{F4DA6851-BD1A-4D73-8793-DB0C5BFFEFD9}.Release|Any CPU.Build.0 = Release|Any CPU
		{D0DC6D0D-9E55-4DEE-8B23-92ECD1BED9FB}.Debug|Any CPU.ActiveCfg = Debug|Any CPU
		{D0DC6D0D-9E55-4DEE-8B23-92ECD1BED9FB}.Debug|Any CPU.Build.0 = Debug|Any CPU
		{D0DC6D0D-9E55-4DEE-8B23-92ECD1BED9FB}.Release|Any CPU.ActiveCfg = Release|Any CPU
		{D0DC6D0D-9E55-4DEE-8B23-92ECD1BED9FB}.Release|Any CPU.Build.0 = Release|Any CPU
		{2B432FE8-6764-4D40-8BAF-227EF232A48F}.Debug|Any CPU.ActiveCfg = Debug|Any CPU
		{2B432FE8-6764-4D40-8BAF-227EF232A48F}.Debug|Any CPU.Build.0 = Debug|Any CPU
		{2B432FE8-6764-4D40-8BAF-227EF232A48F}.Release|Any CPU.ActiveCfg = Release|Any CPU
		{2B432FE8-6764-4D40-8BAF-227EF232A48F}.Release|Any CPU.Build.0 = Release|Any CPU
		{3B5E8FF3-F54C-4279-BFD7-76FCEB9985F8}.Debug|Any CPU.ActiveCfg = Debug|Any CPU
		{3B5E8FF3-F54C-4279-BFD7-76FCEB9985F8}.Debug|Any CPU.Build.0 = Debug|Any CPU
		{3B5E8FF3-F54C-4279-BFD7-76FCEB9985F8}.Release|Any CPU.ActiveCfg = Release|Any CPU
		{3B5E8FF3-F54C-4279-BFD7-76FCEB9985F8}.Release|Any CPU.Build.0 = Release|Any CPU
		{BE0F8A67-A76B-4858-93B7-ED40BC0F4C0C}.Debug|Any CPU.ActiveCfg = Debug|Any CPU
		{BE0F8A67-A76B-4858-93B7-ED40BC0F4C0C}.Debug|Any CPU.Build.0 = Debug|Any CPU
		{BE0F8A67-A76B-4858-93B7-ED40BC0F4C0C}.Release|Any CPU.ActiveCfg = Release|Any CPU
		{BE0F8A67-A76B-4858-93B7-ED40BC0F4C0C}.Release|Any CPU.Build.0 = Release|Any CPU
		{7097DE1E-0BDE-4F7E-BA5C-CCA4EF4049DB}.Debug|Any CPU.ActiveCfg = Debug|Any CPU
		{7097DE1E-0BDE-4F7E-BA5C-CCA4EF4049DB}.Debug|Any CPU.Build.0 = Debug|Any CPU
		{7097DE1E-0BDE-4F7E-BA5C-CCA4EF4049DB}.Release|Any CPU.ActiveCfg = Release|Any CPU
		{7097DE1E-0BDE-4F7E-BA5C-CCA4EF4049DB}.Release|Any CPU.Build.0 = Release|Any CPU
		{1BA96668-5FDF-467D-B6B0-9B8917AA169F}.Debug|Any CPU.ActiveCfg = Debug|Any CPU
		{1BA96668-5FDF-467D-B6B0-9B8917AA169F}.Debug|Any CPU.Build.0 = Debug|Any CPU
		{1BA96668-5FDF-467D-B6B0-9B8917AA169F}.Release|Any CPU.ActiveCfg = Release|Any CPU
		{1BA96668-5FDF-467D-B6B0-9B8917AA169F}.Release|Any CPU.Build.0 = Release|Any CPU
		{7D0DE2B1-8627-45F5-9463-22DCFA3C6F36}.Debug|Any CPU.ActiveCfg = Debug|Any CPU
		{7D0DE2B1-8627-45F5-9463-22DCFA3C6F36}.Debug|Any CPU.Build.0 = Debug|Any CPU
		{7D0DE2B1-8627-45F5-9463-22DCFA3C6F36}.Release|Any CPU.ActiveCfg = Release|Any CPU
		{7D0DE2B1-8627-45F5-9463-22DCFA3C6F36}.Release|Any CPU.Build.0 = Release|Any CPU
		{DDB35158-AC58-4759-A83F-6FC22431BF8C}.Debug|Any CPU.ActiveCfg = Debug|Any CPU
		{DDB35158-AC58-4759-A83F-6FC22431BF8C}.Debug|Any CPU.Build.0 = Debug|Any CPU
		{DDB35158-AC58-4759-A83F-6FC22431BF8C}.Release|Any CPU.ActiveCfg = Release|Any CPU
		{DDB35158-AC58-4759-A83F-6FC22431BF8C}.Release|Any CPU.Build.0 = Release|Any CPU
	EndGlobalSection
	GlobalSection(SolutionProperties) = preSolution
		HideSolutionNode = FALSE
	EndGlobalSection
	GlobalSection(NestedProjects) = preSolution
		{A7041412-75E7-4331-979C-60C2DDE150CA} = {B4B982E3-15F2-46D8-AB24-CB7216FDA7F5}
		{AEE2A03C-FB58-401A-B0C9-EAA4931D4BCD} = {08493DB5-DF94-4A72-95F4-F654F4A3B12F}
		{2EBEA6BA-3685-4722-BF3E-06BC4C4320BF} = {08493DB5-DF94-4A72-95F4-F654F4A3B12F}
		{52627FC7-D9C1-40AA-B656-E81C0C187C3E} = {08493DB5-DF94-4A72-95F4-F654F4A3B12F}
		{C18D3C19-3FCE-4C17-BF16-88E7551ED727} = {F4451C0A-D53A-492D-A352-2ECB213D6320}
		{8C912D91-1D04-4560-A8F7-F01041098B5C} = {F4451C0A-D53A-492D-A352-2ECB213D6320}
		{6774D36E-D4CA-49CA-B600-9459EC212CD6} = {4537FA29-D55E-4C8A-A94D-AB52F4A39477}
		{F4DA6851-BD1A-4D73-8793-DB0C5BFFEFD9} = {F4451C0A-D53A-492D-A352-2ECB213D6320}
		{D0DC6D0D-9E55-4DEE-8B23-92ECD1BED9FB} = {F4451C0A-D53A-492D-A352-2ECB213D6320}
		{2B432FE8-6764-4D40-8BAF-227EF232A48F} = {B4B982E3-15F2-46D8-AB24-CB7216FDA7F5}
		{3EC24E61-D0CE-4CA9-B327-E4CB0425D620} = {B4B982E3-15F2-46D8-AB24-CB7216FDA7F5}
		{BE616A39-8052-40EC-840E-48F08674B174} = {B4B982E3-15F2-46D8-AB24-CB7216FDA7F5}
		{0F00073C-7097-4A3F-A6B2-8335AC6E32FF} = {F4451C0A-D53A-492D-A352-2ECB213D6320}
		{70C82CFC-2C68-42C6-BE91-A2310FD8AE35} = {A46F66CE-7457-41FE-A193-BCE105BAE1CC}
		{3B5E8FF3-F54C-4279-BFD7-76FCEB9985F8} = {B4B982E3-15F2-46D8-AB24-CB7216FDA7F5}
		{BE0F8A67-A76B-4858-93B7-ED40BC0F4C0C} = {3EC24E61-D0CE-4CA9-B327-E4CB0425D620}
		{7097DE1E-0BDE-4F7E-BA5C-CCA4EF4049DB} = {3EC24E61-D0CE-4CA9-B327-E4CB0425D620}
		{1BA96668-5FDF-467D-B6B0-9B8917AA169F} = {A46F66CE-7457-41FE-A193-BCE105BAE1CC}
		{7D0DE2B1-8627-45F5-9463-22DCFA3C6F36} = {A46F66CE-7457-41FE-A193-BCE105BAE1CC}
		{DDB35158-AC58-4759-A83F-6FC22431BF8C} = {A46F66CE-7457-41FE-A193-BCE105BAE1CC}
	EndGlobalSection
	GlobalSection(ExtensibilityGlobals) = postSolution
		SolutionGuid = {1EB9C68B-0D58-4C91-850B-9C1054EA121C}
	EndGlobalSection
EndGlobal
